// !$*UTF8*$!
{
	archiveVersion = 1;
	classes = {
	};
	objectVersion = 56;
	objects = {

/* Begin PBXBuildFile section */
		8C02A9432B587BA200AE3A9D /* NavigationTabBar.swift in Sources */ = {isa = PBXBuildFile; fileRef = 8C02A9422B587BA200AE3A9D /* NavigationTabBar.swift */; };
		8C0324202B579E5600D6A781 /* NotesApp.swift in Sources */ = {isa = PBXBuildFile; fileRef = 8C03241F2B579E5600D6A781 /* NotesApp.swift */; };
		8C0324222B579E5600D6A781 /* ContentView.swift in Sources */ = {isa = PBXBuildFile; fileRef = 8C0324212B579E5600D6A781 /* ContentView.swift */; };
		8C0324242B579E5700D6A781 /* Assets.xcassets in Resources */ = {isa = PBXBuildFile; fileRef = 8C0324232B579E5700D6A781 /* Assets.xcassets */; };
		8C0324272B579E5700D6A781 /* Preview Assets.xcassets in Resources */ = {isa = PBXBuildFile; fileRef = 8C0324262B579E5700D6A781 /* Preview Assets.xcassets */; };
		8C0324312B579EAB00D6A781 /* NoteModel.swift in Sources */ = {isa = PBXBuildFile; fileRef = 8C0324302B579EAB00D6A781 /* NoteModel.swift */; };
		8C0324332B57A25900D6A781 /* NotesViewModel.swift in Sources */ = {isa = PBXBuildFile; fileRef = 8C0324322B57A25900D6A781 /* NotesViewModel.swift */; };
		8C0324352B57A30F00D6A781 /* NotesListView.swift in Sources */ = {isa = PBXBuildFile; fileRef = 8C0324342B57A30F00D6A781 /* NotesListView.swift */; };
		8C0324392B57A56400D6A781 /* SheetAddNote.swift in Sources */ = {isa = PBXBuildFile; fileRef = 8C0324382B57A56400D6A781 /* SheetAddNote.swift */; };
		8C03243B2B57AF1300D6A781 /* NoteRowView.swift in Sources */ = {isa = PBXBuildFile; fileRef = 8C03243A2B57AF1300D6A781 /* NoteRowView.swift */; };
		8C38167C2B57C45C00AACB5D /* HomeView.swift in Sources */ = {isa = PBXBuildFile; fileRef = 8C38167B2B57C45C00AACB5D /* HomeView.swift */; };
		8C3816802B57CA7100AACB5D /* UserHeaderView.swift in Sources */ = {isa = PBXBuildFile; fileRef = 8C38167F2B57CA7100AACB5D /* UserHeaderView.swift */; };
		8C3816822B57CE3400AACB5D /* SearchBarView.swift in Sources */ = {isa = PBXBuildFile; fileRef = 8C3816812B57CE3400AACB5D /* SearchBarView.swift */; };
		8C3816842B57D6E700AACB5D /* CategoriesScrollView.swift in Sources */ = {isa = PBXBuildFile; fileRef = 8C3816832B57D6E700AACB5D /* CategoriesScrollView.swift */; };
		8C3816862B57D73800AACB5D /* ItemCategoryView.swift in Sources */ = {isa = PBXBuildFile; fileRef = 8C3816852B57D73800AACB5D /* ItemCategoryView.swift */; };
		8C3816882B57E01600AACB5D /* ListNotesView.swift in Sources */ = {isa = PBXBuildFile; fileRef = 8C3816872B57E01600AACB5D /* ListNotesView.swift */; };
		8C38168A2B57E03300AACB5D /* RowListNoteView.swift in Sources */ = {isa = PBXBuildFile; fileRef = 8C3816892B57E03300AACB5D /* RowListNoteView.swift */; };
		8C38168C2B57EA8100AACB5D /* ctaButtonView.swift in Sources */ = {isa = PBXBuildFile; fileRef = 8C38168B2B57EA8100AACB5D /* ctaButtonView.swift */; };
/* End PBXBuildFile section */

/* Begin PBXFileReference section */
		8C02A9422B587BA200AE3A9D /* NavigationTabBar.swift */ = {isa = PBXFileReference; lastKnownFileType = sourcecode.swift; path = NavigationTabBar.swift; sourceTree = "<group>"; };
		8C03241C2B579E5600D6A781 /* Notes.app */ = {isa = PBXFileReference; explicitFileType = wrapper.application; includeInIndex = 0; path = Notes.app; sourceTree = BUILT_PRODUCTS_DIR; };
		8C03241F2B579E5600D6A781 /* NotesApp.swift */ = {isa = PBXFileReference; lastKnownFileType = sourcecode.swift; path = NotesApp.swift; sourceTree = "<group>"; };
		8C0324212B579E5600D6A781 /* ContentView.swift */ = {isa = PBXFileReference; lastKnownFileType = sourcecode.swift; path = ContentView.swift; sourceTree = "<group>"; };
		8C0324232B579E5700D6A781 /* Assets.xcassets */ = {isa = PBXFileReference; lastKnownFileType = folder.assetcatalog; path = Assets.xcassets; sourceTree = "<group>"; };
		8C0324262B579E5700D6A781 /* Preview Assets.xcassets */ = {isa = PBXFileReference; lastKnownFileType = folder.assetcatalog; path = "Preview Assets.xcassets"; sourceTree = "<group>"; };
		8C0324302B579EAB00D6A781 /* NoteModel.swift */ = {isa = PBXFileReference; lastKnownFileType = sourcecode.swift; path = NoteModel.swift; sourceTree = "<group>"; };
		8C0324322B57A25900D6A781 /* NotesViewModel.swift */ = {isa = PBXFileReference; lastKnownFileType = sourcecode.swift; path = NotesViewModel.swift; sourceTree = "<group>"; };
		8C0324342B57A30F00D6A781 /* NotesListView.swift */ = {isa = PBXFileReference; lastKnownFileType = sourcecode.swift; path = NotesListView.swift; sourceTree = "<group>"; };
		8C0324382B57A56400D6A781 /* SheetAddNote.swift */ = {isa = PBXFileReference; lastKnownFileType = sourcecode.swift; path = SheetAddNote.swift; sourceTree = "<group>"; };
		8C03243A2B57AF1300D6A781 /* NoteRowView.swift */ = {isa = PBXFileReference; lastKnownFileType = sourcecode.swift; path = NoteRowView.swift; sourceTree = "<group>"; };
		8C38167B2B57C45C00AACB5D /* HomeView.swift */ = {isa = PBXFileReference; lastKnownFileType = sourcecode.swift; path = HomeView.swift; sourceTree = "<group>"; };
		8C38167F2B57CA7100AACB5D /* UserHeaderView.swift */ = {isa = PBXFileReference; lastKnownFileType = sourcecode.swift; path = UserHeaderView.swift; sourceTree = "<group>"; };
		8C3816812B57CE3400AACB5D /* SearchBarView.swift */ = {isa = PBXFileReference; lastKnownFileType = sourcecode.swift; path = SearchBarView.swift; sourceTree = "<group>"; };
		8C3816832B57D6E700AACB5D /* CategoriesScrollView.swift */ = {isa = PBXFileReference; lastKnownFileType = sourcecode.swift; path = CategoriesScrollView.swift; sourceTree = "<group>"; };
		8C3816852B57D73800AACB5D /* ItemCategoryView.swift */ = {isa = PBXFileReference; lastKnownFileType = sourcecode.swift; path = ItemCategoryView.swift; sourceTree = "<group>"; };
		8C3816872B57E01600AACB5D /* ListNotesView.swift */ = {isa = PBXFileReference; lastKnownFileType = sourcecode.swift; path = ListNotesView.swift; sourceTree = "<group>"; };
		8C3816892B57E03300AACB5D /* RowListNoteView.swift */ = {isa = PBXFileReference; lastKnownFileType = sourcecode.swift; path = RowListNoteView.swift; sourceTree = "<group>"; };
		8C38168B2B57EA8100AACB5D /* ctaButtonView.swift */ = {isa = PBXFileReference; lastKnownFileType = sourcecode.swift; path = ctaButtonView.swift; sourceTree = "<group>"; };
/* End PBXFileReference section */

/* Begin PBXFrameworksBuildPhase section */
		8C0324192B579E5600D6A781 /* Frameworks */ = {
			isa = PBXFrameworksBuildPhase;
			buildActionMask = 2147483647;
			files = (
			);
			runOnlyForDeploymentPostprocessing = 0;
		};
/* End PBXFrameworksBuildPhase section */

/* Begin PBXGroup section */
		8C0324132B579E5600D6A781 = {
			isa = PBXGroup;
			children = (
				8C03241E2B579E5600D6A781 /* Notes */,
				8C03241D2B579E5600D6A781 /* Products */,
			);
			sourceTree = "<group>";
		};
		8C03241D2B579E5600D6A781 /* Products */ = {
			isa = PBXGroup;
			children = (
				8C03241C2B579E5600D6A781 /* Notes.app */,
			);
			name = Products;
			sourceTree = "<group>";
		};
		8C03241E2B579E5600D6A781 /* Notes */ = {
			isa = PBXGroup;
			children = (
				8C38167D2B57C48200AACB5D /* ViewComponents */,
				8C03242F2B579E7E00D6A781 /* ViewController */,
				8C38167E2B57C49300AACB5D /* List Notes */,
				8C03242E2B579E7500D6A781 /* Views */,
				8C03242D2B579E6A00D6A781 /* Model */,
				8C03241F2B579E5600D6A781 /* NotesApp.swift */,
				8C0324212B579E5600D6A781 /* ContentView.swift */,
				8C0324232B579E5700D6A781 /* Assets.xcassets */,
				8C0324252B579E5700D6A781 /* Preview Content */,
			);
			path = Notes;
			sourceTree = "<group>";
		};
		8C0324252B579E5700D6A781 /* Preview Content */ = {
			isa = PBXGroup;
			children = (
				8C0324262B579E5700D6A781 /* Preview Assets.xcassets */,
			);
			path = "Preview Content";
			sourceTree = "<group>";
		};
		8C03242D2B579E6A00D6A781 /* Model */ = {
			isa = PBXGroup;
			children = (
				8C0324302B579EAB00D6A781 /* NoteModel.swift */,
			);
			path = Model;
			sourceTree = "<group>";
		};
		8C03242E2B579E7500D6A781 /* Views */ = {
			isa = PBXGroup;
			children = (
				8C38167B2B57C45C00AACB5D /* HomeView.swift */,
				8C02A9422B587BA200AE3A9D /* NavigationTabBar.swift */,
			);
			path = Views;
			sourceTree = "<group>";
		};
		8C03242F2B579E7E00D6A781 /* ViewController */ = {
			isa = PBXGroup;
			children = (
				8C0324322B57A25900D6A781 /* NotesViewModel.swift */,
			);
			path = ViewController;
			sourceTree = "<group>";
		};
		8C38167D2B57C48200AACB5D /* ViewComponents */ = {
			isa = PBXGroup;
			children = (
				8C38167F2B57CA7100AACB5D /* UserHeaderView.swift */,
				8C3816812B57CE3400AACB5D /* SearchBarView.swift */,
				8C3816832B57D6E700AACB5D /* CategoriesScrollView.swift */,
				8C3816852B57D73800AACB5D /* ItemCategoryView.swift */,
				8C3816872B57E01600AACB5D /* ListNotesView.swift */,
				8C3816892B57E03300AACB5D /* RowListNoteView.swift */,
				8C38168B2B57EA8100AACB5D /* ctaButtonView.swift */,
			);
			path = ViewComponents;
			sourceTree = "<group>";
		};
		8C38167E2B57C49300AACB5D /* List Notes */ = {
			isa = PBXGroup;
			children = (
				8C0324342B57A30F00D6A781 /* NotesListView.swift */,
				8C0324382B57A56400D6A781 /* SheetAddNote.swift */,
				8C03243A2B57AF1300D6A781 /* NoteRowView.swift */,
			);
			path = "List Notes";
			sourceTree = "<group>";
		};
/* End PBXGroup section */

/* Begin PBXNativeTarget section */
		8C03241B2B579E5600D6A781 /* Notes */ = {
			isa = PBXNativeTarget;
			buildConfigurationList = 8C03242A2B579E5700D6A781 /* Build configuration list for PBXNativeTarget "Notes" */;
			buildPhases = (
				8C0324182B579E5600D6A781 /* Sources */,
				8C0324192B579E5600D6A781 /* Frameworks */,
				8C03241A2B579E5600D6A781 /* Resources */,
			);
			buildRules = (
			);
			dependencies = (
			);
			name = Notes;
			productName = Notes;
			productReference = 8C03241C2B579E5600D6A781 /* Notes.app */;
			productType = "com.apple.product-type.application";
		};
/* End PBXNativeTarget section */

/* Begin PBXProject section */
		8C0324142B579E5600D6A781 /* Project object */ = {
			isa = PBXProject;
			attributes = {
				BuildIndependentTargetsInParallel = 1;
				LastSwiftUpdateCheck = 1500;
				LastUpgradeCheck = 1500;
				TargetAttributes = {
					8C03241B2B579E5600D6A781 = {
						CreatedOnToolsVersion = 15.0.1;
					};
				};
			};
			buildConfigurationList = 8C0324172B579E5600D6A781 /* Build configuration list for PBXProject "Notes" */;
			compatibilityVersion = "Xcode 14.0";
			developmentRegion = en;
			hasScannedForEncodings = 0;
			knownRegions = (
				en,
				Base,
			);
			mainGroup = 8C0324132B579E5600D6A781;
			productRefGroup = 8C03241D2B579E5600D6A781 /* Products */;
			projectDirPath = "";
			projectRoot = "";
			targets = (
				8C03241B2B579E5600D6A781 /* Notes */,
			);
		};
/* End PBXProject section */

/* Begin PBXResourcesBuildPhase section */
		8C03241A2B579E5600D6A781 /* Resources */ = {
			isa = PBXResourcesBuildPhase;
			buildActionMask = 2147483647;
			files = (
				8C0324272B579E5700D6A781 /* Preview Assets.xcassets in Resources */,
				8C0324242B579E5700D6A781 /* Assets.xcassets in Resources */,
			);
			runOnlyForDeploymentPostprocessing = 0;
		};
/* End PBXResourcesBuildPhase section */

/* Begin PBXSourcesBuildPhase section */
		8C0324182B579E5600D6A781 /* Sources */ = {
			isa = PBXSourcesBuildPhase;
			buildActionMask = 2147483647;
			files = (
				8C3816822B57CE3400AACB5D /* SearchBarView.swift in Sources */,
				8C3816862B57D73800AACB5D /* ItemCategoryView.swift in Sources */,
				8C38168C2B57EA8100AACB5D /* ctaButtonView.swift in Sources */,
				8C0324332B57A25900D6A781 /* NotesViewModel.swift in Sources */,
				8C38168A2B57E03300AACB5D /* RowListNoteView.swift in Sources */,
				8C0324392B57A56400D6A781 /* SheetAddNote.swift in Sources */,
				8C3816882B57E01600AACB5D /* ListNotesView.swift in Sources */,
				8C0324222B579E5600D6A781 /* ContentView.swift in Sources */,
				8C0324312B579EAB00D6A781 /* NoteModel.swift in Sources */,
				8C0324352B57A30F00D6A781 /* NotesListView.swift in Sources */,
				8C3816842B57D6E700AACB5D /* CategoriesScrollView.swift in Sources */,
				8C38167C2B57C45C00AACB5D /* HomeView.swift in Sources */,
				8C03243B2B57AF1300D6A781 /* NoteRowView.swift in Sources */,
				8C02A9432B587BA200AE3A9D /* NavigationTabBar.swift in Sources */,
				8C3816802B57CA7100AACB5D /* UserHeaderView.swift in Sources */,
				8C0324202B579E5600D6A781 /* NotesApp.swift in Sources */,
			);
			runOnlyForDeploymentPostprocessing = 0;
		};
/* End PBXSourcesBuildPhase section */

/* Begin XCBuildConfiguration section */
		8C0324282B579E5700D6A781 /* Debug */ = {
			isa = XCBuildConfiguration;
			buildSettings = {
				ALWAYS_SEARCH_USER_PATHS = NO;
				ASSETCATALOG_COMPILER_GENERATE_SWIFT_ASSET_SYMBOL_EXTENSIONS = YES;
				CLANG_ANALYZER_NONNULL = YES;
				CLANG_ANALYZER_NUMBER_OBJECT_CONVERSION = YES_AGGRESSIVE;
				CLANG_CXX_LANGUAGE_STANDARD = "gnu++20";
				CLANG_ENABLE_MODULES = YES;
				CLANG_ENABLE_OBJC_ARC = YES;
				CLANG_ENABLE_OBJC_WEAK = YES;
				CLANG_WARN_BLOCK_CAPTURE_AUTORELEASING = YES;
				CLANG_WARN_BOOL_CONVERSION = YES;
				CLANG_WARN_COMMA = YES;
				CLANG_WARN_CONSTANT_CONVERSION = YES;
				CLANG_WARN_DEPRECATED_OBJC_IMPLEMENTATIONS = YES;
				CLANG_WARN_DIRECT_OBJC_ISA_USAGE = YES_ERROR;
				CLANG_WARN_DOCUMENTATION_COMMENTS = YES;
				CLANG_WARN_EMPTY_BODY = YES;
				CLANG_WARN_ENUM_CONVERSION = YES;
				CLANG_WARN_INFINITE_RECURSION = YES;
				CLANG_WARN_INT_CONVERSION = YES;
				CLANG_WARN_NON_LITERAL_NULL_CONVERSION = YES;
				CLANG_WARN_OBJC_IMPLICIT_RETAIN_SELF = YES;
				CLANG_WARN_OBJC_LITERAL_CONVERSION = YES;
				CLANG_WARN_OBJC_ROOT_CLASS = YES_ERROR;
				CLANG_WARN_QUOTED_INCLUDE_IN_FRAMEWORK_HEADER = YES;
				CLANG_WARN_RANGE_LOOP_ANALYSIS = YES;
				CLANG_WARN_STRICT_PROTOTYPES = YES;
				CLANG_WARN_SUSPICIOUS_MOVE = YES;
				CLANG_WARN_UNGUARDED_AVAILABILITY = YES_AGGRESSIVE;
				CLANG_WARN_UNREACHABLE_CODE = YES;
				CLANG_WARN__DUPLICATE_METHOD_MATCH = YES;
				COPY_PHASE_STRIP = NO;
				DEBUG_INFORMATION_FORMAT = dwarf;
				ENABLE_STRICT_OBJC_MSGSEND = YES;
				ENABLE_TESTABILITY = YES;
				ENABLE_USER_SCRIPT_SANDBOXING = YES;
				GCC_C_LANGUAGE_STANDARD = gnu17;
				GCC_DYNAMIC_NO_PIC = NO;
				GCC_NO_COMMON_BLOCKS = YES;
				GCC_OPTIMIZATION_LEVEL = 0;
				GCC_PREPROCESSOR_DEFINITIONS = (
					"DEBUG=1",
					"$(inherited)",
				);
				GCC_WARN_64_TO_32_BIT_CONVERSION = YES;
				GCC_WARN_ABOUT_RETURN_TYPE = YES_ERROR;
				GCC_WARN_UNDECLARED_SELECTOR = YES;
				GCC_WARN_UNINITIALIZED_AUTOS = YES_AGGRESSIVE;
				GCC_WARN_UNUSED_FUNCTION = YES;
				GCC_WARN_UNUSED_VARIABLE = YES;
				IPHONEOS_DEPLOYMENT_TARGET = 17.0;
				LOCALIZATION_PREFERS_STRING_CATALOGS = YES;
				MTL_ENABLE_DEBUG_INFO = INCLUDE_SOURCE;
				MTL_FAST_MATH = YES;
				ONLY_ACTIVE_ARCH = YES;
				SDKROOT = iphoneos;
				SWIFT_ACTIVE_COMPILATION_CONDITIONS = "DEBUG $(inherited)";
				SWIFT_OPTIMIZATION_LEVEL = "-Onone";
			};
			name = Debug;
		};
		8C0324292B579E5700D6A781 /* Release */ = {
			isa = XCBuildConfiguration;
			buildSettings = {
				ALWAYS_SEARCH_USER_PATHS = NO;
				ASSETCATALOG_COMPILER_GENERATE_SWIFT_ASSET_SYMBOL_EXTENSIONS = YES;
				CLANG_ANALYZER_NONNULL = YES;
				CLANG_ANALYZER_NUMBER_OBJECT_CONVERSION = YES_AGGRESSIVE;
				CLANG_CXX_LANGUAGE_STANDARD = "gnu++20";
				CLANG_ENABLE_MODULES = YES;
				CLANG_ENABLE_OBJC_ARC = YES;
				CLANG_ENABLE_OBJC_WEAK = YES;
				CLANG_WARN_BLOCK_CAPTURE_AUTORELEASING = YES;
				CLANG_WARN_BOOL_CONVERSION = YES;
				CLANG_WARN_COMMA = YES;
				CLANG_WARN_CONSTANT_CONVERSION = YES;
				CLANG_WARN_DEPRECATED_OBJC_IMPLEMENTATIONS = YES;
				CLANG_WARN_DIRECT_OBJC_ISA_USAGE = YES_ERROR;
				CLANG_WARN_DOCUMENTATION_COMMENTS = YES;
				CLANG_WARN_EMPTY_BODY = YES;
				CLANG_WARN_ENUM_CONVERSION = YES;
				CLANG_WARN_INFINITE_RECURSION = YES;
				CLANG_WARN_INT_CONVERSION = YES;
				CLANG_WARN_NON_LITERAL_NULL_CONVERSION = YES;
				CLANG_WARN_OBJC_IMPLICIT_RETAIN_SELF = YES;
				CLANG_WARN_OBJC_LITERAL_CONVERSION = YES;
				CLANG_WARN_OBJC_ROOT_CLASS = YES_ERROR;
				CLANG_WARN_QUOTED_INCLUDE_IN_FRAMEWORK_HEADER = YES;
				CLANG_WARN_RANGE_LOOP_ANALYSIS = YES;
				CLANG_WARN_STRICT_PROTOTYPES = YES;
				CLANG_WARN_SUSPICIOUS_MOVE = YES;
				CLANG_WARN_UNGUARDED_AVAILABILITY = YES_AGGRESSIVE;
				CLANG_WARN_UNREACHABLE_CODE = YES;
				CLANG_WARN__DUPLICATE_METHOD_MATCH = YES;
				COPY_PHASE_STRIP = NO;
				DEBUG_INFORMATION_FORMAT = "dwarf-with-dsym";
				ENABLE_NS_ASSERTIONS = NO;
				ENABLE_STRICT_OBJC_MSGSEND = YES;
				ENABLE_USER_SCRIPT_SANDBOXING = YES;
				GCC_C_LANGUAGE_STANDARD = gnu17;
				GCC_NO_COMMON_BLOCKS = YES;
				GCC_WARN_64_TO_32_BIT_CONVERSION = YES;
				GCC_WARN_ABOUT_RETURN_TYPE = YES_ERROR;
				GCC_WARN_UNDECLARED_SELECTOR = YES;
				GCC_WARN_UNINITIALIZED_AUTOS = YES_AGGRESSIVE;
				GCC_WARN_UNUSED_FUNCTION = YES;
				GCC_WARN_UNUSED_VARIABLE = YES;
				IPHONEOS_DEPLOYMENT_TARGET = 17.0;
				LOCALIZATION_PREFERS_STRING_CATALOGS = YES;
				MTL_ENABLE_DEBUG_INFO = NO;
				MTL_FAST_MATH = YES;
				SDKROOT = iphoneos;
				SWIFT_COMPILATION_MODE = wholemodule;
				VALIDATE_PRODUCT = YES;
			};
			name = Release;
		};
		8C03242B2B579E5700D6A781 /* Debug */ = {
			isa = XCBuildConfiguration;
			buildSettings = {
				ASSETCATALOG_COMPILER_APPICON_NAME = AppIcon;
				ASSETCATALOG_COMPILER_GLOBAL_ACCENT_COLOR_NAME = AccentColor;
				CODE_SIGN_STYLE = Automatic;
				CURRENT_PROJECT_VERSION = 1;
				DEVELOPMENT_ASSET_PATHS = "\"Notes/Preview Content\"";
				ENABLE_PREVIEWS = YES;
				GENERATE_INFOPLIST_FILE = YES;
				INFOPLIST_KEY_UIApplicationSceneManifest_Generation = YES;
				INFOPLIST_KEY_UIApplicationSupportsIndirectInputEvents = YES;
				INFOPLIST_KEY_UILaunchScreen_Generation = YES;
				INFOPLIST_KEY_UISupportedInterfaceOrientations_iPad = "UIInterfaceOrientationPortrait UIInterfaceOrientationPortraitUpsideDown UIInterfaceOrientationLandscapeLeft UIInterfaceOrientationLandscapeRight";
				INFOPLIST_KEY_UISupportedInterfaceOrientations_iPhone = "UIInterfaceOrientationPortrait UIInterfaceOrientationLandscapeLeft UIInterfaceOrientationLandscapeRight";
				LD_RUNPATH_SEARCH_PATHS = (
					"$(inherited)",
					"@executable_path/Frameworks",
				);
				MARKETING_VERSION = 1.0;
				PRODUCT_BUNDLE_IDENTIFIER = alfonsopatron.Notes;
				PRODUCT_NAME = "$(TARGET_NAME)";
				SWIFT_EMIT_LOC_STRINGS = YES;
				SWIFT_VERSION = 5.0;
				TARGETED_DEVICE_FAMILY = "1,2";
			};
			name = Debug;
		};
		8C03242C2B579E5700D6A781 /* Release */ = {
			isa = XCBuildConfiguration;
			buildSettings = {
				ASSETCATALOG_COMPILER_APPICON_NAME = AppIcon;
				ASSETCATALOG_COMPILER_GLOBAL_ACCENT_COLOR_NAME = AccentColor;
				CODE_SIGN_STYLE = Automatic;
				CURRENT_PROJECT_VERSION = 1;
				DEVELOPMENT_ASSET_PATHS = "\"Notes/Preview Content\"";
				ENABLE_PREVIEWS = YES;
				GENERATE_INFOPLIST_FILE = YES;
				INFOPLIST_KEY_UIApplicationSceneManifest_Generation = YES;
				INFOPLIST_KEY_UIApplicationSupportsIndirectInputEvents = YES;
				INFOPLIST_KEY_UILaunchScreen_Generation = YES;
				INFOPLIST_KEY_UISupportedInterfaceOrientations_iPad = "UIInterfaceOrientationPortrait UIInterfaceOrientationPortraitUpsideDown UIInterfaceOrientationLandscapeLeft UIInterfaceOrientationLandscapeRight";
				INFOPLIST_KEY_UISupportedInterfaceOrientations_iPhone = "UIInterfaceOrientationPortrait UIInterfaceOrientationLandscapeLeft UIInterfaceOrientationLandscapeRight";
				LD_RUNPATH_SEARCH_PATHS = (
					"$(inherited)",
					"@executable_path/Frameworks",
				);
				MARKETING_VERSION = 1.0;
				PRODUCT_BUNDLE_IDENTIFIER = alfonsopatron.Notes;
				PRODUCT_NAME = "$(TARGET_NAME)";
				SWIFT_EMIT_LOC_STRINGS = YES;
				SWIFT_VERSION = 5.0;
				TARGETED_DEVICE_FAMILY = "1,2";
			};
			name = Release;
		};
/* End XCBuildConfiguration section */

/* Begin XCConfigurationList section */
		8C0324172B579E5600D6A781 /* Build configuration list for PBXProject "Notes" */ = {
			isa = XCConfigurationList;
			buildConfigurations = (
				8C0324282B579E5700D6A781 /* Debug */,
				8C0324292B579E5700D6A781 /* Release */,
			);
			defaultConfigurationIsVisible = 0;
			defaultConfigurationName = Release;
		};
		8C03242A2B579E5700D6A781 /* Build configuration list for PBXNativeTarget "Notes" */ = {
			isa = XCConfigurationList;
			buildConfigurations = (
				8C03242B2B579E5700D6A781 /* Debug */,
				8C03242C2B579E5700D6A781 /* Release */,
			);
			defaultConfigurationIsVisible = 0;
			defaultConfigurationName = Release;
		};
/* End XCConfigurationList section */
	};
	rootObject = 8C0324142B579E5600D6A781 /* Project object */;
}
